
Microsoft Visual Studio Solution File, Format Version 12.00
# Visual Studio Version 17
VisualStudioVersion = 17.0.31903.59
MinimumVisualStudioVersion = 10.0.40219.1
Project("{FAE04EC0-301F-11D3-BF4B-00C04F79EFBC}") = "SmartMarketPlace.API", "SmartMarketPlace.API\SmartMarketPlace.API.csproj", "{1AF17E48-E4A3-4B21-B53D-D19019B55C8A}"
EndProject
Project("{FAE04EC0-301F-11D3-BF4B-00C04F79EFBC}") = "SmartMarketPlace.Web", "SmartMarketPlace.Web\SmartMarketPlace.Web.csproj", "{13DD97F0-E1B7-4E3B-99D1-4B4D7E37E078}"
EndProject
Project("{FAE04EC0-301F-11D3-BF4B-00C04F79EFBC}") = "SmartMarketPlace.Models", "SmartMarketPlace.Models\SmartMarketPlace.Models.csproj", "{4388DFF5-E438-4E04-B46E-EDE57B012531}"
EndProject
Global
	GlobalSection(SolutionConfigurationPlatforms) = preSolution
		Debug|Any CPU = Debug|Any CPU
		Debug|x64 = Debug|x64
		Debug|x86 = Debug|x86
		Release|Any CPU = Release|Any CPU
		Release|x64 = Release|x64
		Release|x86 = Release|x86
	EndGlobalSection
	GlobalSection(ProjectConfigurationPlatforms) = postSolution
		{1AF17E48-E4A3-4B21-B53D-D19019B55C8A}.Debug|Any CPU.ActiveCfg = Debug|Any CPU
		{1AF17E48-E4A3-4B21-B53D-D19019B55C8A}.Debug|Any CPU.Build.0 = Debug|Any CPU
		{1AF17E48-E4A3-4B21-B53D-D19019B55C8A}.Debug|x64.ActiveCfg = Debug|Any CPU
		{1AF17E48-E4A3-4B21-B53D-D19019B55C8A}.Debug|x64.Build.0 = Debug|Any CPU
		{1AF17E48-E4A3-4B21-B53D-D19019B55C8A}.Debug|x86.ActiveCfg = Debug|Any CPU
		{1AF17E48-E4A3-4B21-B53D-D19019B55C8A}.Debug|x86.Build.0 = Debug|Any CPU
		{1AF17E48-E4A3-4B21-B53D-D19019B55C8A}.Release|Any CPU.ActiveCfg = Release|Any CPU
		{1AF17E48-E4A3-4B21-B53D-D19019B55C8A}.Release|Any CPU.Build.0 = Release|Any CPU
		{1AF17E48-E4A3-4B21-B53D-D19019B55C8A}.Release|x64.ActiveCfg = Release|Any CPU
		{1AF17E48-E4A3-4B21-B53D-D19019B55C8A}.Release|x64.Build.0 = Release|Any CPU
		{1AF17E48-E4A3-4B21-B53D-D19019B55C8A}.Release|x86.ActiveCfg = Release|Any CPU
		{1AF17E48-E4A3-4B21-B53D-D19019B55C8A}.Release|x86.Build.0 = Release|Any CPU
		{13DD97F0-E1B7-4E3B-99D1-4B4D7E37E078}.Debug|Any CPU.ActiveCfg = Debug|Any CPU
		{13DD97F0-E1B7-4E3B-99D1-4B4D7E37E078}.Debug|Any CPU.Build.0 = Debug|Any CPU
		{13DD97F0-E1B7-4E3B-99D1-4B4D7E37E078}.Debug|x64.ActiveCfg = Debug|Any CPU
		{13DD97F0-E1B7-4E3B-99D1-4B4D7E37E078}.Debug|x64.Build.0 = Debug|Any CPU
		{13DD97F0-E1B7-4E3B-99D1-4B4D7E37E078}.Debug|x86.ActiveCfg = Debug|Any CPU
		{13DD97F0-E1B7-4E3B-99D1-4B4D7E37E078}.Debug|x86.Build.0 = Debug|Any CPU
		{13DD97F0-E1B7-4E3B-99D1-4B4D7E37E078}.Release|Any CPU.ActiveCfg = Release|Any CPU
		{13DD97F0-E1B7-4E3B-99D1-4B4D7E37E078}.Release|Any CPU.Build.0 = Release|Any CPU
		{13DD97F0-E1B7-4E3B-99D1-4B4D7E37E078}.Release|x64.ActiveCfg = Release|Any CPU
		{13DD97F0-E1B7-4E3B-99D1-4B4D7E37E078}.Release|x64.Build.0 = Release|Any CPU
		{13DD97F0-E1B7-4E3B-99D1-4B4D7E37E078}.Release|x86.ActiveCfg = Release|Any CPU
		{13DD97F0-E1B7-4E3B-99D1-4B4D7E37E078}.Release|x86.Build.0 = Release|Any CPU
		{4388DFF5-E438-4E04-B46E-EDE57B012531}.Debug|Any CPU.ActiveCfg = Debug|Any CPU
		{4388DFF5-E438-4E04-B46E-EDE57B012531}.Debug|Any CPU.Build.0 = Debug|Any CPU
		{4388DFF5-E438-4E04-B46E-EDE57B012531}.Debug|x64.ActiveCfg = Debug|Any CPU
		{4388DFF5-E438-4E04-B46E-EDE57B012531}.Debug|x64.Build.0 = Debug|Any CPU
		{4388DFF5-E438-4E04-B46E-EDE57B012531}.Debug|x86.ActiveCfg = Debug|Any CPU
		{4388DFF5-E438-4E04-B46E-EDE57B012531}.Debug|x86.Build.0 = Debug|Any CPU
		{4388DFF5-E438-4E04-B46E-EDE57B012531}.Release|Any CPU.ActiveCfg = Release|Any CPU
		{4388DFF5-E438-4E04-B46E-EDE57B012531}.Release|Any CPU.Build.0 = Release|Any CPU
		{4388DFF5-E438-4E04-B46E-EDE57B012531}.Release|x64.ActiveCfg = Release|Any CPU
		{4388DFF5-E438-4E04-B46E-EDE57B012531}.Release|x64.Build.0 = Release|Any CPU
		{4388DFF5-E438-4E04-B46E-EDE57B012531}.Release|x86.ActiveCfg = Release|Any CPU
		{4388DFF5-E438-4E04-B46E-EDE57B012531}.Release|x86.Build.0 = Release|Any CPU
	EndGlobalSection
	GlobalSection(SolutionProperties) = preSolution
		HideSolutionNode = FALSE
	EndGlobalSection
EndGlobal
